
Microsoft Visual Studio Solution File, Format Version 12.00
# Visual Studio Version 16
VisualStudioVersion = 16.0.33027.164
MinimumVisualStudioVersion = 10.0.40219.1
Project("{FAE04EC0-301F-11D3-BF4B-00C04F79EFBC}") = "DemoApi", "DemoApi.csproj", "{27694D55-0EE2-4359-8471-DF4FF78E756B}"
EndProject
Project("{FAE04EC0-301F-11D3-BF4B-00C04F79EFBC}") = "DataAccessLayer", "..\DataAccessLayer\DataAccessLayer.csproj", "{27709069-677A-40BF-9A79-E501C46E06D6}"
EndProject
Global
	GlobalSection(SolutionConfigurationPlatforms) = preSolution
		Debug|Any CPU = Debug|Any CPU
		Release|Any CPU = Release|Any CPU
	EndGlobalSection
	GlobalSection(ProjectConfigurationPlatforms) = postSolution
		{27694D55-0EE2-4359-8471-DF4FF78E756B}.Debug|Any CPU.ActiveCfg = Debug|Any CPU
		{27694D55-0EE2-4359-8471-DF4FF78E756B}.Debug|Any CPU.Build.0 = Debug|Any CPU
		{27694D55-0EE2-4359-8471-DF4FF78E756B}.Release|Any CPU.ActiveCfg = Release|Any CPU
		{27694D55-0EE2-4359-8471-DF4FF78E756B}.Release|Any CPU.Build.0 = Release|Any CPU
		{27709069-677A-40BF-9A79-E501C46E06D6}.Debug|Any CPU.ActiveCfg = Debug|Any CPU
		{27709069-677A-40BF-9A79-E501C46E06D6}.Debug|Any CPU.Build.0 = Debug|Any CPU
		{27709069-677A-40BF-9A79-E501C46E06D6}.Release|Any CPU.ActiveCfg = Release|Any CPU
		{27709069-677A-40BF-9A79-E501C46E06D6}.Release|Any CPU.Build.0 = Release|Any CPU
	EndGlobalSection
	GlobalSection(SolutionProperties) = preSolution
		HideSolutionNode = FALSE
	EndGlobalSection
	GlobalSection(ExtensibilityGlobals) = postSolution
		SolutionGuid = {C3842DEB-2655-4911-A6FB-E96DBDD2FACF}
	EndGlobalSection
EndGlobal
