
Microsoft Visual Studio Solution File, Format Version 12.00
# Visual Studio Version 16
VisualStudioVersion = 16.0.33027.164
MinimumVisualStudioVersion = 10.0.40219.1
Project("{FAE04EC0-301F-11D3-BF4B-00C04F79EFBC}") = "InterfaceDemo01", "InterfaceDemo01.csproj", "{F46ABBC3-E1B9-4DBB-B31B-7B3F8AC47D83}"
EndProject
Project("{FAE04EC0-301F-11D3-BF4B-00C04F79EFBC}") = "InterfaceDemo02", "..\InterfaceDemo02\InterfaceDemo02.csproj", "{5B277BC0-7DD5-4D8F-847A-2202C4DD96DB}"
EndProject
Global
	GlobalSection(SolutionConfigurationPlatforms) = preSolution
		Debug|Any CPU = Debug|Any CPU
		Release|Any CPU = Release|Any CPU
	EndGlobalSection
	GlobalSection(ProjectConfigurationPlatforms) = postSolution
		{F46ABBC3-E1B9-4DBB-B31B-7B3F8AC47D83}.Debug|Any CPU.ActiveCfg = Debug|Any CPU
		{F46ABBC3-E1B9-4DBB-B31B-7B3F8AC47D83}.Debug|Any CPU.Build.0 = Debug|Any CPU
		{F46ABBC3-E1B9-4DBB-B31B-7B3F8AC47D83}.Release|Any CPU.ActiveCfg = Release|Any CPU
		{F46ABBC3-E1B9-4DBB-B31B-7B3F8AC47D83}.Release|Any CPU.Build.0 = Release|Any CPU
		{5B277BC0-7DD5-4D8F-847A-2202C4DD96DB}.Debug|Any CPU.ActiveCfg = Debug|Any CPU
		{5B277BC0-7DD5-4D8F-847A-2202C4DD96DB}.Debug|Any CPU.Build.0 = Debug|Any CPU
		{5B277BC0-7DD5-4D8F-847A-2202C4DD96DB}.Release|Any CPU.ActiveCfg = Release|Any CPU
		{5B277BC0-7DD5-4D8F-847A-2202C4DD96DB}.Release|Any CPU.Build.0 = Release|Any CPU
	EndGlobalSection
	GlobalSection(SolutionProperties) = preSolution
		HideSolutionNode = FALSE
	EndGlobalSection
	GlobalSection(ExtensibilityGlobals) = postSolution
		SolutionGuid = {5468CA23-B30B-4AE6-879D-27A211EF08A0}
	EndGlobalSection
EndGlobal
