
Microsoft Visual Studio Solution File, Format Version 12.00
# Visual Studio Version 16
VisualStudioVersion = 16.0.33027.164
MinimumVisualStudioVersion = 10.0.40219.1
Project("{FAE04EC0-301F-11D3-BF4B-00C04F79EFBC}") = "DAL", "DAL.csproj", "{FA68C19C-0A45-4DDC-ACD9-CF4C4058F7CF}"
EndProject
Project("{FAE04EC0-301F-11D3-BF4B-00C04F79EFBC}") = "ConsoleUI", "..\ConsoleUI\ConsoleUI.csproj", "{7454EE5E-F0A7-4CAA-9002-BFCCFEA85918}"
EndProject
Global
	GlobalSection(SolutionConfigurationPlatforms) = preSolution
		Debug|Any CPU = Debug|Any CPU
		Release|Any CPU = Release|Any CPU
	EndGlobalSection
	GlobalSection(ProjectConfigurationPlatforms) = postSolution
		{FA68C19C-0A45-4DDC-ACD9-CF4C4058F7CF}.Debug|Any CPU.ActiveCfg = Debug|Any CPU
		{FA68C19C-0A45-4DDC-ACD9-CF4C4058F7CF}.Debug|Any CPU.Build.0 = Debug|Any CPU
		{FA68C19C-0A45-4DDC-ACD9-CF4C4058F7CF}.Release|Any CPU.ActiveCfg = Release|Any CPU
		{FA68C19C-0A45-4DDC-ACD9-CF4C4058F7CF}.Release|Any CPU.Build.0 = Release|Any CPU
		{7454EE5E-F0A7-4CAA-9002-BFCCFEA85918}.Debug|Any CPU.ActiveCfg = Debug|Any CPU
		{7454EE5E-F0A7-4CAA-9002-BFCCFEA85918}.Debug|Any CPU.Build.0 = Debug|Any CPU
		{7454EE5E-F0A7-4CAA-9002-BFCCFEA85918}.Release|Any CPU.ActiveCfg = Release|Any CPU
		{7454EE5E-F0A7-4CAA-9002-BFCCFEA85918}.Release|Any CPU.Build.0 = Release|Any CPU
	EndGlobalSection
	GlobalSection(SolutionProperties) = preSolution
		HideSolutionNode = FALSE
	EndGlobalSection
	GlobalSection(ExtensibilityGlobals) = postSolution
		SolutionGuid = {5426C987-B958-4438-9CF7-4D4F3EBF127B}
	EndGlobalSection
EndGlobal
